lockfileVersion: 5.3

specifiers:
  '@types/node': 15.0.2
  prettier: 2.3.0
  prettier-plugin-organize-imports: 2.0.0
  rollup: 2.47.0
  typescript: 4.2.4

devDependencies:
  '@types/node': 15.0.2
  prettier: 2.3.0
  prettier-plugin-organize-imports: 2.0.0_prettier@2.3.0+typescript@4.2.4
  rollup: 2.47.0
  typescript: 4.2.4

packages:

  /@types/node/15.0.2:
    resolution: {integrity: sha512-p68+a+KoxpoB47015IeYZYRrdqMUcpbK8re/zpFB8Ld46LHC1lPEbp3EXgkEhAYEcPvjJF6ZO+869SQ0aH1dcA==}
    dev: true

  /fsevents/2.3.2:
    resolution: {integrity: sha512-xiqMQR4xAeHTuB9uWm+fFRcIOgKBMiOBP+eXiyT7jsgVCq1bkVygt00oASowB7EdtpOHaaPgKt812P9ab+DDKA==}
    engines: {node: ^8.16.0 || ^10.6.0 || >=11.0.0}
    os: [darwin]
    dev: true
    optional: true

  /prettier-plugin-organize-imports/2.0.0_prettier@2.3.0+typescript@4.2.4:
    resolution: {integrity: sha512-jPSE5sqFAu+lyKqwcN4zlSHaZmI6/3sJ2F+BkKn7iGCwNdPba1FPUJrx5bPzWnGyrQwGKQZYCuHgVQlCzohing==}
    peerDependencies:
      prettier: '>=2.0'
      typescript: '>=2.9'
    dependencies:
      prettier: 2.3.0
      typescript: 4.2.4
    dev: true

  /prettier/2.3.0:
    resolution: {integrity: sha512-kXtO4s0Lz/DW/IJ9QdWhAf7/NmPWQXkFr/r/WkR3vyI+0v8amTDxiaQSLzs8NBlytfLWX/7uQUMIW677yLKl4w==}
    engines: {node: '>=10.13.0'}
    hasBin: true
    dev: true

  /rollup/2.47.0:
    resolution: {integrity: sha512-rqBjgq9hQfW0vRmz+0S062ORRNJXvwRpzxhFXORvar/maZqY6za3rgQ/p1Glg+j1hnc1GtYyQCPiAei95uTElg==}
    engines: {node: '>=10.0.0'}
    hasBin: true
    optionalDependencies:
      fsevents: 2.3.2
    dev: true

  /typescript/4.2.4:
    resolution: {integrity: sha512-V+evlYHZnQkaz8TRBuxTA92yZBPotr5H+WhQ7bD3hZUndx5tGOa1fuCgeSjxAzM1RiN5IzvadIXTVefuuwZCRg==}
    engines: {node: '>=4.2.0'}
    hasBin: true
    dev: true
